
Microsoft Visual Studio Solution File, Format Version 12.00
# Visual Studio Version 17
VisualStudioVersion = 17.13.36105.23
MinimumVisualStudioVersion = 10.0.40219.1
Project("{FAE04EC0-301F-11D3-BF4B-00C04F79EFBC}") = "MediaRecycler", "MediaRecycler.csproj", "{53270CCE-1278-4D2A-8F0D-A8595B516944}"
EndProject
Project("{FAE04EC0-301F-11D3-BF4B-00C04F79EFBC}") = "MediaRecycler.Tests", "..\MediaRecycler.Tests\MediaRecycler.Tests.csproj", "{CA0A08CF-8D16-02E3-3D1F-A44529C2DB01}"
EndProject
Global
	GlobalSection(SolutionConfigurationPlatforms) = preSolution
		Debug|Any CPU = Debug|Any CPU
		Release|Any CPU = Release|Any CPU
	EndGlobalSection
	GlobalSection(ProjectConfigurationPlatforms) = postSolution
		{53270CCE-1278-4D2A-8F0D-A8595B516944}.Debug|Any CPU.ActiveCfg = Debug|Any CPU
		{53270CCE-1278-4D2A-8F0D-A8595B516944}.Debug|Any CPU.Build.0 = Debug|Any CPU
		{53270CCE-1278-4D2A-8F0D-A8595B516944}.Release|Any CPU.ActiveCfg = Release|Any CPU
		{53270CCE-1278-4D2A-8F0D-A8595B516944}.Release|Any CPU.Build.0 = Release|Any CPU
		{CA0A08CF-8D16-02E3-3D1F-A44529C2DB01}.Debug|Any CPU.ActiveCfg = Debug|Any CPU
		{CA0A08CF-8D16-02E3-3D1F-A44529C2DB01}.Debug|Any CPU.Build.0 = Debug|Any CPU
		{CA0A08CF-8D16-02E3-3D1F-A44529C2DB01}.Release|Any CPU.ActiveCfg = Release|Any CPU
		{CA0A08CF-8D16-02E3-3D1F-A44529C2DB01}.Release|Any CPU.Build.0 = Release|Any CPU
	EndGlobalSection
	GlobalSection(SolutionProperties) = preSolution
		HideSolutionNode = FALSE
	EndGlobalSection
	GlobalSection(ExtensibilityGlobals) = postSolution
		SolutionGuid = {981F41EF-E0D7-4A40-81B1-530D04CA22FC}
	EndGlobalSection
EndGlobal
